
Microsoft Visual Studio Solution File, Format Version 12.00
Project("{FAE04EC0-301F-11D3-BF4B-00C04F79EFBC}") = "Section 10 - Structs", "Section 10 - Structs.csproj", "{0A9E4221-5BBA-440E-8BBD-8AF07A3C6134}"
EndProject
Global
	GlobalSection(SolutionConfigurationPlatforms) = preSolution
		Debug|Any CPU = Debug|Any CPU
		Release|Any CPU = Release|Any CPU
	EndGlobalSection
	GlobalSection(ProjectConfigurationPlatforms) = postSolution
		{0A9E4221-5BBA-440E-8BBD-8AF07A3C6134}.Debug|Any CPU.ActiveCfg = Debug|Any CPU
		{0A9E4221-5BBA-440E-8BBD-8AF07A3C6134}.Debug|Any CPU.Build.0 = Debug|Any CPU
		{0A9E4221-5BBA-440E-8BBD-8AF07A3C6134}.Release|Any CPU.ActiveCfg = Release|Any CPU
		{0A9E4221-5BBA-440E-8BBD-8AF07A3C6134}.Release|Any CPU.Build.0 = Release|Any CPU
	EndGlobalSection
EndGlobal
