
Microsoft Visual Studio Solution File, Format Version 12.00
Project("{FAE04EC0-301F-11D3-BF4B-00C04F79EFBC}") = "Section 11 - Delegates", "Section 11 - Delegates.csproj", "{6C4392F9-7D5E-439F-B553-2CD6EC6E0700}"
EndProject
Global
	GlobalSection(SolutionConfigurationPlatforms) = preSolution
		Debug|Any CPU = Debug|Any CPU
		Release|Any CPU = Release|Any CPU
	EndGlobalSection
	GlobalSection(ProjectConfigurationPlatforms) = postSolution
		{6C4392F9-7D5E-439F-B553-2CD6EC6E0700}.Debug|Any CPU.ActiveCfg = Debug|Any CPU
		{6C4392F9-7D5E-439F-B553-2CD6EC6E0700}.Debug|Any CPU.Build.0 = Debug|Any CPU
		{6C4392F9-7D5E-439F-B553-2CD6EC6E0700}.Release|Any CPU.ActiveCfg = Release|Any CPU
		{6C4392F9-7D5E-439F-B553-2CD6EC6E0700}.Release|Any CPU.Build.0 = Release|Any CPU
	EndGlobalSection
EndGlobal
