
Microsoft Visual Studio Solution File, Format Version 12.00
Project("{FAE04EC0-301F-11D3-BF4B-00C04F79EFBC}") = "Section 4 - Methods", "Section 4 - Methods.csproj", "{F5B8DDEE-38A4-41C1-9F80-61DDBC1886EC}"
EndProject
Global
	GlobalSection(SolutionConfigurationPlatforms) = preSolution
		Debug|Any CPU = Debug|Any CPU
		Release|Any CPU = Release|Any CPU
	EndGlobalSection
	GlobalSection(ProjectConfigurationPlatforms) = postSolution
		{F5B8DDEE-38A4-41C1-9F80-61DDBC1886EC}.Debug|Any CPU.ActiveCfg = Debug|Any CPU
		{F5B8DDEE-38A4-41C1-9F80-61DDBC1886EC}.Debug|Any CPU.Build.0 = Debug|Any CPU
		{F5B8DDEE-38A4-41C1-9F80-61DDBC1886EC}.Release|Any CPU.ActiveCfg = Release|Any CPU
		{F5B8DDEE-38A4-41C1-9F80-61DDBC1886EC}.Release|Any CPU.Build.0 = Release|Any CPU
	EndGlobalSection
EndGlobal
